<?xml version="1.0" encoding="utf-8"?>
<Project ToolsVersion="4.0" xmlns="http://schemas.microsoft.com/developer/msbuild/2003">
  <ItemGroup>
    <Filter Include="Util">
      <UniqueIdentifier>{aa42b402-bac6-4223-aa79-8dea40e5aa82}</UniqueIdentifier>
    </Filter>
    <Filter Include="Main">
      <UniqueIdentifier>{4FC737F1-C7A5-4376-A066-2A32D752A2FF}</UniqueIdentifier>
      <Extensions>cpp;c;cc;cxx;def;odl;idl;hpj;bat;asm;asmx</Extensions>
    </Filter>
    <Filter Include="Object">
      <UniqueIdentifier>{3467d949-9b95-4c55-bc85-5c51272382ec}</UniqueIdentifier>
    </Filter>
    <Filter Include="Manager">
      <UniqueIdentifier>{de33c5b6-945c-41c5-8baf-ba48b31f939a}</UniqueIdentifier>
    </Filter>
    <Filter Include="Component">
      <UniqueIdentifier>{cccb2026-79d7-4540-8599-5418975168a1}</UniqueIdentifier>
    </Filter>
    <Filter Include="Global">
      <UniqueIdentifier>{5ac6cbdc-feb7-4944-8290-d6502b25528f}</UniqueIdentifier>
    </Filter>
    <Filter Include="FX">
      <UniqueIdentifier>{2839b464-2ac5-41e5-a65f-28678c210757}</UniqueIdentifier>
    </Filter>
  </ItemGroup>
  <ItemGroup>
    <ClCompile Include="Application.cpp">
      <Filter>Main</Filter>
    </ClCompile>
    <ClCompile Include="Main.cpp">
      <Filter>Main</Filter>
    </ClCompile>
    <ClCompile Include="d3dUtil.cpp">
      <Filter>Util</Filter>
    </ClCompile>
    <ClCompile Include="MathHelper.cpp">
      <Filter>Util</Filter>
    </ClCompile>
    <ClCompile Include="Box.cpp">
      <Filter>Object</Filter>
    </ClCompile>
    <ClCompile Include="Object.cpp">
      <Filter>Object</Filter>
    </ClCompile>
    <ClCompile Include="D3DManager.cpp">
      <Filter>Manager</Filter>
    </ClCompile>
    <ClCompile Include="InputManager.cpp">
      <Filter>Manager</Filter>
    </ClCompile>
    <ClCompile Include="Camera.cpp">
      <Filter>Component</Filter>
    </ClCompile>
    <ClCompile Include="GameTimer.cpp">
      <Filter>Component</Filter>
    </ClCompile>
    <ClCompile Include="BasisVector.cpp">
      <Filter>Object</Filter>
    </ClCompile>
    <ClCompile Include="GeometryGenerator.cpp">
      <Filter>Util</Filter>
    </ClCompile>
    <ClCompile Include="LightHelper.cpp">
      <Filter>Util</Filter>
    </ClCompile>
    <ClCompile Include="Vertex.cpp">
      <Filter>Global</Filter>
    </ClCompile>
    <ClCompile Include="Effects.cpp">
      <Filter>Global</Filter>
    </ClCompile>
    <ClCompile Include="Land.cpp">
      <Filter>Object</Filter>
    </ClCompile>
    <ClCompile Include="RenderStates.cpp">
      <Filter>Global</Filter>
    </ClCompile>
  </ItemGroup>
  <ItemGroup>
    <FxCompile Include="FX\Basic.fx">
      <Filter>FX</Filter>
    </FxCompile>
    <FxCompile Include="FX\LightHelper.fx">
      <Filter>FX</Filter>
    </FxCompile>
    <FxCompile Include="FX\color.fx">
      <Filter>FX</Filter>
    </FxCompile>
  </ItemGroup>
  <ItemGroup>
    <ClInclude Include="Application.h">
      <Filter>Main</Filter>
    </ClInclude>
    <ClInclude Include="d3dUtil.h">
      <Filter>Util</Filter>
    </ClInclude>
    <ClInclude Include="MathHelper.h">
      <Filter>Util</Filter>
    </ClInclude>
    <ClInclude Include="d3dx11effect.h">
      <Filter>Util</Filter>
    </ClInclude>
    <ClInclude Include="Box.h">
      <Filter>Object</Filter>
    </ClInclude>
    <ClInclude Include="Object.h">
      <Filter>Object</Filter>
    </ClInclude>
    <ClInclude Include="D3DManager.h">
      <Filter>Manager</Filter>
    </ClInclude>
    <ClInclude Include="InputManager.h">
      <Filter>Manager</Filter>
    </ClInclude>
    <ClInclude Include="Camera.h">
      <Filter>Component</Filter>
    </ClInclude>
    <ClInclude Include="GameTimer.h">
      <Filter>Component</Filter>
    </ClInclude>
    <ClInclude Include="BasisVector.h">
      <Filter>Object</Filter>
    </ClInclude>
    <ClInclude Include="GeometryGenerator.h">
      <Filter>Util</Filter>
    </ClInclude>
    <ClInclude Include="LightHelper.h">
      <Filter>Util</Filter>
    </ClInclude>
    <ClInclude Include="Vertex.h">
      <Filter>Global</Filter>
    </ClInclude>
    <ClInclude Include="Effects.h">
      <Filter>Global</Filter>
    </ClInclude>
    <ClInclude Include="Land.h">
      <Filter>Object</Filter>
    </ClInclude>
    <ClInclude Include="RenderStates.h">
      <Filter>Global</Filter>
    </ClInclude>
  </ItemGroup>
</Project>