<?xml version="1.0" encoding="utf-8"?>
<Project ToolsVersion="4.0" xmlns="http://schemas.microsoft.com/developer/msbuild/2003">
  <ItemGroup>
    <Filter Include="리소스 파일">
      <UniqueIdentifier>{67DA6AB6-F800-4c08-8B7A-83BB121AAD01}</UniqueIdentifier>
      <Extensions>rc;ico;cur;bmp;dlg;rc2;rct;bin;rgs;gif;jpg;jpeg;jpe;resx;tiff;tif;png;wav;mfcribbon-ms</Extensions>
    </Filter>
    <Filter Include="Util">
      <UniqueIdentifier>{aa42b402-bac6-4223-aa79-8dea40e5aa82}</UniqueIdentifier>
    </Filter>
    <Filter Include="Main">
      <UniqueIdentifier>{4FC737F1-C7A5-4376-A066-2A32D752A2FF}</UniqueIdentifier>
      <Extensions>cpp;c;cc;cxx;def;odl;idl;hpj;bat;asm;asmx</Extensions>
    </Filter>
    <Filter Include="Object">
      <UniqueIdentifier>{3467d949-9b95-4c55-bc85-5c51272382ec}</UniqueIdentifier>
    </Filter>
    <Filter Include="Manager">
      <UniqueIdentifier>{de33c5b6-945c-41c5-8baf-ba48b31f939a}</UniqueIdentifier>
    </Filter>
    <Filter Include="Component">
      <UniqueIdentifier>{cccb2026-79d7-4540-8599-5418975168a1}</UniqueIdentifier>
    </Filter>
  </ItemGroup>
  <ItemGroup>
    <ClCompile Include="Application.cpp">
      <Filter>Main</Filter>
    </ClCompile>
    <ClCompile Include="Main.cpp">
      <Filter>Main</Filter>
    </ClCompile>
    <ClCompile Include="d3dUtil.cpp">
      <Filter>Util</Filter>
    </ClCompile>
    <ClCompile Include="MathHelper.cpp">
      <Filter>Util</Filter>
    </ClCompile>
    <ClCompile Include="Box.cpp">
      <Filter>Object</Filter>
    </ClCompile>
    <ClCompile Include="Object.cpp">
      <Filter>Object</Filter>
    </ClCompile>
    <ClCompile Include="D3DManager.cpp">
      <Filter>Manager</Filter>
    </ClCompile>
    <ClCompile Include="InputManager.cpp">
      <Filter>Manager</Filter>
    </ClCompile>
    <ClCompile Include="Camera.cpp">
      <Filter>Component</Filter>
    </ClCompile>
    <ClCompile Include="GameTimer.cpp">
      <Filter>Component</Filter>
    </ClCompile>
    <ClCompile Include="Shader.cpp">
      <Filter>Component</Filter>
    </ClCompile>
    <ClCompile Include="BasisVector.cpp">
      <Filter>Object</Filter>
    </ClCompile>
  </ItemGroup>
  <ItemGroup>
    <FxCompile Include="BoxRender.fx">
      <Filter>리소스 파일</Filter>
    </FxCompile>
    <FxCompile Include="default.fx">
      <Filter>리소스 파일</Filter>
    </FxCompile>
  </ItemGroup>
  <ItemGroup>
    <ClInclude Include="Application.h">
      <Filter>Main</Filter>
    </ClInclude>
    <ClInclude Include="d3dUtil.h">
      <Filter>Util</Filter>
    </ClInclude>
    <ClInclude Include="MathHelper.h">
      <Filter>Util</Filter>
    </ClInclude>
    <ClInclude Include="d3dx11effect.h">
      <Filter>Util</Filter>
    </ClInclude>
    <ClInclude Include="Box.h">
      <Filter>Object</Filter>
    </ClInclude>
    <ClInclude Include="Object.h">
      <Filter>Object</Filter>
    </ClInclude>
    <ClInclude Include="D3DManager.h">
      <Filter>Manager</Filter>
    </ClInclude>
    <ClInclude Include="InputManager.h">
      <Filter>Manager</Filter>
    </ClInclude>
    <ClInclude Include="Camera.h">
      <Filter>Component</Filter>
    </ClInclude>
    <ClInclude Include="GameTimer.h">
      <Filter>Component</Filter>
    </ClInclude>
    <ClInclude Include="Shader.h">
      <Filter>Component</Filter>
    </ClInclude>
    <ClInclude Include="BasisVector.h">
      <Filter>Object</Filter>
    </ClInclude>
  </ItemGroup>
</Project>